github.com/antigloss/go v0.0.0-20220420082046-cea2080f441a h1:ttjegmNEm7zJ2dOrnl9lqQrS34PJDGte+eWtsFTNW18=
github.com/antigloss/go v0.0.0-20220420082046-cea2080f441a/go.mod h1:UZS1xsciSvBSC16bV7x0obAXHBpEIouHVNsikdsLyGo=
golang.org/x/net v0.0.0-20220708220712-1185a9018129 h1:vucSRfWwTsoXro7P+3Cjlr6flUMtzCwzlvkxEQtHHB0=
golang.org/x/net v0.0.0-20220708220712-1185a9018129/go.mod h1:XRhObCWvk6IyKnWLug+ECip1KBveYUHfp+8e9klMJ9c=
